
Microsoft Visual Studio Solution File, Format Version 12.00
# Visual Studio Version 16
VisualStudioVersion = 16.0.31624.102
MinimumVisualStudioVersion = 10.0.40219.1
Project("{FAE04EC0-301F-11D3-BF4B-00C04F79EFBC}") = "TestCase", "TestCase\TestCase.csproj", "{6B3019AF-AD59-4247-A6B2-A425AFB9D5E8}"
EndProject
Global
	GlobalSection(SolutionConfigurationPlatforms) = preSolution
		Debug|Any CPU = Debug|Any CPU
		Release|Any CPU = Release|Any CPU
	EndGlobalSection
	GlobalSection(ProjectConfigurationPlatforms) = postSolution
		{6B3019AF-AD59-4247-A6B2-A425AFB9D5E8}.Debug|Any CPU.ActiveCfg = Debug|Any CPU
		{6B3019AF-AD59-4247-A6B2-A425AFB9D5E8}.Debug|Any CPU.Build.0 = Debug|Any CPU
		{6B3019AF-AD59-4247-A6B2-A425AFB9D5E8}.Release|Any CPU.ActiveCfg = Release|Any CPU
		{6B3019AF-AD59-4247-A6B2-A425AFB9D5E8}.Release|Any CPU.Build.0 = Release|Any CPU
	EndGlobalSection
	GlobalSection(SolutionProperties) = preSolution
		HideSolutionNode = FALSE
	EndGlobalSection
	GlobalSection(ExtensibilityGlobals) = postSolution
		SolutionGuid = {9DBBB6D6-D806-4DAE-A82F-0109A596554D}
	EndGlobalSection
EndGlobal
